
Microsoft Visual Studio Solution File, Format Version 12.00
Project("{FAE04EC0-301F-11D3-BF4B-00C04F79EFBC}") = "DayOne", "DayOne\DayOne.csproj", "{BDDB7E67-3EE5-4958-B362-2F8926DD3EA0}"
EndProject
Project("{FAE04EC0-301F-11D3-BF4B-00C04F79EFBC}") = "DayTwo", "DayTwo\DayTwo.csproj", "{8B5F3C0F-756F-4BBA-BF5D-8DE41862AF58}"
EndProject
Project("{FAE04EC0-301F-11D3-BF4B-00C04F79EFBC}") = "DayThree", "DayThree\DayThree.csproj", "{12174BAE-2F28-498D-8BCF-A66CDB14571A}"
EndProject
Global
	GlobalSection(SolutionConfigurationPlatforms) = preSolution
		Debug|Any CPU = Debug|Any CPU
		Release|Any CPU = Release|Any CPU
	EndGlobalSection
	GlobalSection(ProjectConfigurationPlatforms) = postSolution
		{BDDB7E67-3EE5-4958-B362-2F8926DD3EA0}.Debug|Any CPU.ActiveCfg = Debug|Any CPU
		{BDDB7E67-3EE5-4958-B362-2F8926DD3EA0}.Debug|Any CPU.Build.0 = Debug|Any CPU
		{BDDB7E67-3EE5-4958-B362-2F8926DD3EA0}.Release|Any CPU.ActiveCfg = Release|Any CPU
		{BDDB7E67-3EE5-4958-B362-2F8926DD3EA0}.Release|Any CPU.Build.0 = Release|Any CPU
		{8B5F3C0F-756F-4BBA-BF5D-8DE41862AF58}.Debug|Any CPU.ActiveCfg = Debug|Any CPU
		{8B5F3C0F-756F-4BBA-BF5D-8DE41862AF58}.Debug|Any CPU.Build.0 = Debug|Any CPU
		{8B5F3C0F-756F-4BBA-BF5D-8DE41862AF58}.Release|Any CPU.ActiveCfg = Release|Any CPU
		{8B5F3C0F-756F-4BBA-BF5D-8DE41862AF58}.Release|Any CPU.Build.0 = Release|Any CPU
		{12174BAE-2F28-498D-8BCF-A66CDB14571A}.Debug|Any CPU.ActiveCfg = Debug|Any CPU
		{12174BAE-2F28-498D-8BCF-A66CDB14571A}.Debug|Any CPU.Build.0 = Debug|Any CPU
		{12174BAE-2F28-498D-8BCF-A66CDB14571A}.Release|Any CPU.ActiveCfg = Release|Any CPU
		{12174BAE-2F28-498D-8BCF-A66CDB14571A}.Release|Any CPU.Build.0 = Release|Any CPU
	EndGlobalSection
EndGlobal
